{
  "name": "throndar-verify",
  "version": "1.0.1",
  "lockfileVersion": 3,
  "requires": true,
  "packages": {
    "": {
      "name": "throndar-verify",
      "version": "1.0.1",
      "license": "MIT",
      "bin": {
        "throndar-verify": "dist/throndar-verify.mjs"
      },
      "engines": {
        "node": ">=20"
      }
    }
  }
}
